{
  "name": "olga2",
  "requires": true,
  "lockfileVersion": 1,
  "dependencies": {
    "@types/chess.js": {
      "version": "0.10.1",
      "resolved": "https://registry.npmjs.org/@types/chess.js/-/chess.js-0.10.1.tgz",
      "integrity": "sha512-cuFMyrUYOWpKm5PRayvk22jLV3BOuWs7iJ7Q4PZJXMWoF7uhjWEojMS4GPk441gn4Ki9BHxbKsll7mrwJ3KT3g==",
      "dev": true
    }
  }
}
